
Microsoft Visual Studio Solution File, Format Version 12.00
# Visual Studio 14
VisualStudioVersion = 14.0.25420.1
MinimumVisualStudioVersion = 10.0.40219.1
Project("{FAE04EC0-301F-11D3-BF4B-00C04F79EFBC}") = "QLBH", "QLBH\QLBH.csproj", "{DDB779D0-522E-4BEA-8E15-929D24377C42}"
EndProject
Project("{FAE04EC0-301F-11D3-BF4B-00C04F79EFBC}") = "Model", "Model\Model.csproj", "{3242F372-A8A9-429F-B103-0FA86468C9B9}"
EndProject
Project("{FAE04EC0-301F-11D3-BF4B-00C04F79EFBC}") = "Common", "Common\Common.csproj", "{98186B9A-812D-4EC0-BC51-96A1E7585082}"
EndProject
Global
	GlobalSection(SolutionConfigurationPlatforms) = preSolution
		Debug|Any CPU = Debug|Any CPU
		Release|Any CPU = Release|Any CPU
	EndGlobalSection
	GlobalSection(ProjectConfigurationPlatforms) = postSolution
		{DDB779D0-522E-4BEA-8E15-929D24377C42}.Debug|Any CPU.ActiveCfg = Debug|Any CPU
		{DDB779D0-522E-4BEA-8E15-929D24377C42}.Debug|Any CPU.Build.0 = Debug|Any CPU
		{DDB779D0-522E-4BEA-8E15-929D24377C42}.Release|Any CPU.ActiveCfg = Release|Any CPU
		{DDB779D0-522E-4BEA-8E15-929D24377C42}.Release|Any CPU.Build.0 = Release|Any CPU
		{3242F372-A8A9-429F-B103-0FA86468C9B9}.Debug|Any CPU.ActiveCfg = Debug|Any CPU
		{3242F372-A8A9-429F-B103-0FA86468C9B9}.Debug|Any CPU.Build.0 = Debug|Any CPU
		{3242F372-A8A9-429F-B103-0FA86468C9B9}.Release|Any CPU.ActiveCfg = Release|Any CPU
		{3242F372-A8A9-429F-B103-0FA86468C9B9}.Release|Any CPU.Build.0 = Release|Any CPU
		{98186B9A-812D-4EC0-BC51-96A1E7585082}.Debug|Any CPU.ActiveCfg = Debug|Any CPU
		{98186B9A-812D-4EC0-BC51-96A1E7585082}.Debug|Any CPU.Build.0 = Debug|Any CPU
		{98186B9A-812D-4EC0-BC51-96A1E7585082}.Release|Any CPU.ActiveCfg = Release|Any CPU
		{98186B9A-812D-4EC0-BC51-96A1E7585082}.Release|Any CPU.Build.0 = Release|Any CPU
	EndGlobalSection
	GlobalSection(SolutionProperties) = preSolution
		HideSolutionNode = FALSE
	EndGlobalSection
EndGlobal
